{
  "name": "aigroup-workflow",
  "version": "2.2.2",
  "lockfileVersion": 3,
  "requires": true,
  "packages": {
    "": {
      "name": "aigroup-workflow",
      "version": "2.2.2",
      "license": "MIT",
      "dependencies": {
        "aigroup-workflow": "^1.0.0"
      },
      "bin": {
        "aigroup": "bin/aigroup.mjs"
      },
      "engines": {
        "node": ">=18.0.0"
      }
    },
    "node_modules/aigroup-workflow": {
      "version": "1.0.0",
      "resolved": "https://registry.npmjs.org/aigroup-workflow/-/aigroup-workflow-1.0.0.tgz",
      "integrity": "sha512-9lEqZ9NfwoOHS0kIadfN0WiLdjfOgWshamVXvkM6b1AhvqtA4fTelihFcu1NrpDeGREOSmLvwwfzBwBaqzW+xQ==",
      "license": "MIT",
      "bin": {
        "aigroup": "bin/aigroup.mjs"
      },
      "engines": {
        "node": ">=18.0.0"
      }
    }
  }
}
